
Microsoft Visual Studio Solution File, Format Version 12.00
# Visual Studio Version 17
VisualStudioVersion = 17.3.32922.545
MinimumVisualStudioVersion = 10.0.40219.1
Project("{FAE04EC0-301F-11D3-BF4B-00C04F79EFBC}") = "Stock.Core", "Stock.Core\Stock.Core.csproj", "{3B8B13C1-7DA9-44A0-882B-CEC4FFDA6557}"
EndProject
Project("{FAE04EC0-301F-11D3-BF4B-00C04F79EFBC}") = "Stock.Repository", "Stock.Repository\Stock.Repository.csproj", "{3E6A7FC2-B995-4629-847F-4049F5A0895E}"
EndProject
Project("{FAE04EC0-301F-11D3-BF4B-00C04F79EFBC}") = "Stock.Service", "Stock.Service\Stock.Service.csproj", "{31C80477-C82B-470B-B3ED-365A530301B7}"
EndProject
Project("{FAE04EC0-301F-11D3-BF4B-00C04F79EFBC}") = "Stock.ApiHost", "Stock.ApiHost\Stock.ApiHost.csproj", "{E2B33DE2-22BB-4F2F-B799-1203B05A799D}"
EndProject
Global
	GlobalSection(SolutionConfigurationPlatforms) = preSolution
		Debug|Any CPU = Debug|Any CPU
		Release|Any CPU = Release|Any CPU
	EndGlobalSection
	GlobalSection(ProjectConfigurationPlatforms) = postSolution
		{3B8B13C1-7DA9-44A0-882B-CEC4FFDA6557}.Debug|Any CPU.ActiveCfg = Debug|Any CPU
		{3B8B13C1-7DA9-44A0-882B-CEC4FFDA6557}.Debug|Any CPU.Build.0 = Debug|Any CPU
		{3B8B13C1-7DA9-44A0-882B-CEC4FFDA6557}.Release|Any CPU.ActiveCfg = Release|Any CPU
		{3B8B13C1-7DA9-44A0-882B-CEC4FFDA6557}.Release|Any CPU.Build.0 = Release|Any CPU
		{3E6A7FC2-B995-4629-847F-4049F5A0895E}.Debug|Any CPU.ActiveCfg = Debug|Any CPU
		{3E6A7FC2-B995-4629-847F-4049F5A0895E}.Debug|Any CPU.Build.0 = Debug|Any CPU
		{3E6A7FC2-B995-4629-847F-4049F5A0895E}.Release|Any CPU.ActiveCfg = Release|Any CPU
		{3E6A7FC2-B995-4629-847F-4049F5A0895E}.Release|Any CPU.Build.0 = Release|Any CPU
		{31C80477-C82B-470B-B3ED-365A530301B7}.Debug|Any CPU.ActiveCfg = Debug|Any CPU
		{31C80477-C82B-470B-B3ED-365A530301B7}.Debug|Any CPU.Build.0 = Debug|Any CPU
		{31C80477-C82B-470B-B3ED-365A530301B7}.Release|Any CPU.ActiveCfg = Release|Any CPU
		{31C80477-C82B-470B-B3ED-365A530301B7}.Release|Any CPU.Build.0 = Release|Any CPU
		{E2B33DE2-22BB-4F2F-B799-1203B05A799D}.Debug|Any CPU.ActiveCfg = Debug|Any CPU
		{E2B33DE2-22BB-4F2F-B799-1203B05A799D}.Debug|Any CPU.Build.0 = Debug|Any CPU
		{E2B33DE2-22BB-4F2F-B799-1203B05A799D}.Release|Any CPU.ActiveCfg = Release|Any CPU
		{E2B33DE2-22BB-4F2F-B799-1203B05A799D}.Release|Any CPU.Build.0 = Release|Any CPU
	EndGlobalSection
	GlobalSection(SolutionProperties) = preSolution
		HideSolutionNode = FALSE
	EndGlobalSection
	GlobalSection(ExtensibilityGlobals) = postSolution
		SolutionGuid = {BCE64D51-5CE2-49F6-9450-B60AAC4776A3}
	EndGlobalSection
EndGlobal
